
Microsoft Visual Studio Solution File, Format Version 12.00
# Visual Studio Version 16
VisualStudioVersion = 16.0.30406.217
MinimumVisualStudioVersion = 10.0.40219.1
Project("{9A19103F-16F7-4668-BE54-9A1E7A4F7556}") = "Azen.API.Sockets", "Azen.API.Sockets\Azen.API.Sockets.csproj", "{A1C3FACD-9CF9-4EC3-8E2B-92D0A03BF5A0}"
EndProject
Project("{9A19103F-16F7-4668-BE54-9A1E7A4F7556}") = "Azen.API", "Azen.API\Azen.API.csproj", "{A890415A-1603-456E-9A80-FD39A95204A3}"
EndProject
Global
	GlobalSection(SolutionConfigurationPlatforms) = preSolution
		Debug|Any CPU = Debug|Any CPU
		Release|Any CPU = Release|Any CPU
	EndGlobalSection
	GlobalSection(ProjectConfigurationPlatforms) = postSolution
		{A1C3FACD-9CF9-4EC3-8E2B-92D0A03BF5A0}.Debug|Any CPU.ActiveCfg = Debug|Any CPU
		{A1C3FACD-9CF9-4EC3-8E2B-92D0A03BF5A0}.Debug|Any CPU.Build.0 = Debug|Any CPU
		{A1C3FACD-9CF9-4EC3-8E2B-92D0A03BF5A0}.Release|Any CPU.ActiveCfg = Release|Any CPU
		{A1C3FACD-9CF9-4EC3-8E2B-92D0A03BF5A0}.Release|Any CPU.Build.0 = Release|Any CPU
		{A890415A-1603-456E-9A80-FD39A95204A3}.Debug|Any CPU.ActiveCfg = Debug|Any CPU
		{A890415A-1603-456E-9A80-FD39A95204A3}.Debug|Any CPU.Build.0 = Debug|Any CPU
		{A890415A-1603-456E-9A80-FD39A95204A3}.Release|Any CPU.ActiveCfg = Release|Any CPU
		{A890415A-1603-456E-9A80-FD39A95204A3}.Release|Any CPU.Build.0 = Release|Any CPU
	EndGlobalSection
	GlobalSection(SolutionProperties) = preSolution
		HideSolutionNode = FALSE
	EndGlobalSection
	GlobalSection(ExtensibilityGlobals) = postSolution
		SolutionGuid = {66A73600-F495-4A79-9311-02461F6C8CAC}
	EndGlobalSection
EndGlobal
